// !$*UTF8*$!
{
	archiveVersion = 1;
	classes = {
	};
	objectVersion = 46;
	objects = {

/* Begin PBXBuildFile section */
		5AFA3FF31A6AE2450054959B /* main.m in Sources */ = {isa = PBXBuildFile; fileRef = 5AFA3FF21A6AE2450054959B /* main.m */; };
		5AFA3FF61A6AE2450054959B /* AppDelegate.m in Sources */ = {isa = PBXBuildFile; fileRef = 5AFA3FF51A6AE2450054959B /* AppDelegate.m */; };
		5AFA3FFC1A6AE2450054959B /* Main.storyboard in Resources */ = {isa = PBXBuildFile; fileRef = 5AFA3FFA1A6AE2450054959B /* Main.storyboard */; };
		5AFA3FFE1A6AE2450054959B /* Images.xcassets in Resources */ = {isa = PBXBuildFile; fileRef = 5AFA3FFD1A6AE2450054959B /* Images.xcassets */; };
		5AFA40011A6AE2450054959B /* LaunchScreen.xib in Resources */ = {isa = PBXBuildFile; fileRef = 5AFA3FFF1A6AE2450054959B /* LaunchScreen.xib */; };
		5AFA400D1A6AE2450054959B /* TipperTests.m in Sources */ = {isa = PBXBuildFile; fileRef = 5AFA400C1A6AE2450054959B /* TipperTests.m */; };
		5AFA401D1A6AF17D0054959B /* TipperViewController.m in Sources */ = {isa = PBXBuildFile; fileRef = 5AFA401C1A6AF17D0054959B /* TipperViewController.m */; };
		5AFF45631AD60ED90023F56F /* Shape.png in Resources */ = {isa = PBXBuildFile; fileRef = 5AFF45621AD60ED90023F56F /* Shape.png */; };
		5AFF45651AD61CB20023F56F /* Shape.png in Resources */ = {isa = PBXBuildFile; fileRef = 5AFF45641AD61CB20023F56F /* Shape.png */; };
		5AFF456E1AD6245E0023F56F /* tipper_spotlight.png in Resources */ = {isa = PBXBuildFile; fileRef = 5AFF456C1AD6245E0023F56F /* tipper_spotlight.png */; };
		5AFF456F1AD6245E0023F56F /* tipper_appIcon.png in Resources */ = {isa = PBXBuildFile; fileRef = 5AFF456D1AD6245E0023F56F /* tipper_appIcon.png */; };
/* End PBXBuildFile section */

/* Begin PBXContainerItemProxy section */
		5AFA40071A6AE2450054959B /* PBXContainerItemProxy */ = {
			isa = PBXContainerItemProxy;
			containerPortal = 5AFA3FE51A6AE2450054959B /* Project object */;
			proxyType = 1;
			remoteGlobalIDString = 5AFA3FEC1A6AE2450054959B;
			remoteInfo = Tipper;
		};
/* End PBXContainerItemProxy section */

/* Begin PBXFileReference section */
		5AFA3FED1A6AE2450054959B /* Tipper.app */ = {isa = PBXFileReference; explicitFileType = wrapper.application; includeInIndex = 0; path = Tipper.app; sourceTree = BUILT_PRODUCTS_DIR; };
		5AFA3FF11A6AE2450054959B /* Info.plist */ = {isa = PBXFileReference; lastKnownFileType = text.plist.xml; path = Info.plist; sourceTree = "<group>"; };
		5AFA3FF21A6AE2450054959B /* main.m */ = {isa = PBXFileReference; lastKnownFileType = sourcecode.c.objc; path = main.m; sourceTree = "<group>"; };
		5AFA3FF41A6AE2450054959B /* AppDelegate.h */ = {isa = PBXFileReference; lastKnownFileType = sourcecode.c.h; path = AppDelegate.h; sourceTree = "<group>"; };
		5AFA3FF51A6AE2450054959B /* AppDelegate.m */ = {isa = PBXFileReference; lastKnownFileType = sourcecode.c.objc; path = AppDelegate.m; sourceTree = "<group>"; };
		5AFA3FFB1A6AE2450054959B /* Base */ = {isa = PBXFileReference; lastKnownFileType = file.storyboard; name = Base; path = Base.lproj/Main.storyboard; sourceTree = "<group>"; };
		5AFA3FFD1A6AE2450054959B /* Images.xcassets */ = {isa = PBXFileReference; lastKnownFileType = folder.assetcatalog; path = Images.xcassets; sourceTree = "<group>"; };
		5AFA40001A6AE2450054959B /* Base */ = {isa = PBXFileReference; lastKnownFileType = file.xib; name = Base; path = Base.lproj/LaunchScreen.xib; sourceTree = "<group>"; };
		5AFA40061A6AE2450054959B /* TipperTests.xctest */ = {isa = PBXFileReference; explicitFileType = wrapper.cfbundle; includeInIndex = 0; path = TipperTests.xctest; sourceTree = BUILT_PRODUCTS_DIR; };
		5AFA400B1A6AE2450054959B /* Info.plist */ = {isa = PBXFileReference; lastKnownFileType = text.plist.xml; path = Info.plist; sourceTree = "<group>"; };
		5AFA400C1A6AE2450054959B /* TipperTests.m */ = {isa = PBXFileReference; lastKnownFileType = sourcecode.c.objc; path = TipperTests.m; sourceTree = "<group>"; };
		5AFA401B1A6AF17D0054959B /* TipperViewController.h */ = {isa = PBXFileReference; fileEncoding = 4; lastKnownFileType = sourcecode.c.h; path = TipperViewController.h; sourceTree = "<group>"; };
		5AFA401C1A6AF17D0054959B /* TipperViewController.m */ = {isa = PBXFileReference; fileEncoding = 4; lastKnownFileType = sourcecode.c.objc; path = TipperViewController.m; sourceTree = "<group>"; };
		5AFF45621AD60ED90023F56F /* Shape.png */ = {isa = PBXFileReference; lastKnownFileType = image.png; name = Shape.png; path = ../../../../Shape.png; sourceTree = "<group>"; };
		5AFF45641AD61CB20023F56F /* Shape.png */ = {isa = PBXFileReference; lastKnownFileType = image.png; path = Shape.png; sourceTree = "<group>"; };
		5AFF456C1AD6245E0023F56F /* tipper_spotlight.png */ = {isa = PBXFileReference; lastKnownFileType = image.png; path = tipper_spotlight.png; sourceTree = "<group>"; };
		5AFF456D1AD6245E0023F56F /* tipper_appIcon.png */ = {isa = PBXFileReference; lastKnownFileType = image.png; path = tipper_appIcon.png; sourceTree = "<group>"; };
/* End PBXFileReference section */

/* Begin PBXFrameworksBuildPhase section */
		5AFA3FEA1A6AE2450054959B /* Frameworks */ = {
			isa = PBXFrameworksBuildPhase;
			buildActionMask = 2147483647;
			files = (
			);
			runOnlyForDeploymentPostprocessing = 0;
		};
		5AFA40031A6AE2450054959B /* Frameworks */ = {
			isa = PBXFrameworksBuildPhase;
			buildActionMask = 2147483647;
			files = (
			);
			runOnlyForDeploymentPostprocessing = 0;
		};
/* End PBXFrameworksBuildPhase section */

/* Begin PBXGroup section */
		5AFA3FE41A6AE2450054959B = {
			isa = PBXGroup;
			children = (
				5AFA3FEF1A6AE2450054959B /* Tipper */,
				5AFA40091A6AE2450054959B /* TipperTests */,
				5AFA3FEE1A6AE2450054959B /* Products */,
				5AFF45641AD61CB20023F56F /* Shape.png */,
				5AFF456C1AD6245E0023F56F /* tipper_spotlight.png */,
				5AFF456D1AD6245E0023F56F /* tipper_appIcon.png */,
			);
			sourceTree = "<group>";
		};
		5AFA3FEE1A6AE2450054959B /* Products */ = {
			isa = PBXGroup;
			children = (
				5AFA3FED1A6AE2450054959B /* Tipper.app */,
				5AFA40061A6AE2450054959B /* TipperTests.xctest */,
			);
			name = Products;
			sourceTree = "<group>";
		};
		5AFA3FEF1A6AE2450054959B /* Tipper */ = {
			isa = PBXGroup;
			children = (
				5AFA3FF41A6AE2450054959B /* AppDelegate.h */,
				5AFA3FF51A6AE2450054959B /* AppDelegate.m */,
				5AFA3FFA1A6AE2450054959B /* Main.storyboard */,
				5AFA3FFD1A6AE2450054959B /* Images.xcassets */,
				5AFA3FFF1A6AE2450054959B /* LaunchScreen.xib */,
				5AFA3FF01A6AE2450054959B /* Supporting Files */,
				5AFA401B1A6AF17D0054959B /* TipperViewController.h */,
				5AFA401C1A6AF17D0054959B /* TipperViewController.m */,
			);
			path = Tipper;
			sourceTree = "<group>";
		};
		5AFA3FF01A6AE2450054959B /* Supporting Files */ = {
			isa = PBXGroup;
			children = (
				5AFF45621AD60ED90023F56F /* Shape.png */,
				5AFA3FF11A6AE2450054959B /* Info.plist */,
				5AFA3FF21A6AE2450054959B /* main.m */,
			);
			name = "Supporting Files";
			sourceTree = "<group>";
		};
		5AFA40091A6AE2450054959B /* TipperTests */ = {
			isa = PBXGroup;
			children = (
				5AFA400C1A6AE2450054959B /* TipperTests.m */,
				5AFA400A1A6AE2450054959B /* Supporting Files */,
			);
			path = TipperTests;
			sourceTree = "<group>";
		};
		5AFA400A1A6AE2450054959B /* Supporting Files */ = {
			isa = PBXGroup;
			children = (
				5AFA400B1A6AE2450054959B /* Info.plist */,
			);
			name = "Supporting Files";
			sourceTree = "<group>";
		};
/* End PBXGroup section */

/* Begin PBXNativeTarget section */
		5AFA3FEC1A6AE2450054959B /* Tipper */ = {
			isa = PBXNativeTarget;
			buildConfigurationList = 5AFA40101A6AE2450054959B /* Build configuration list for PBXNativeTarget "Tipper" */;
			buildPhases = (
				5AFA3FE91A6AE2450054959B /* Sources */,
				5AFA3FEA1A6AE2450054959B /* Frameworks */,
				5AFA3FEB1A6AE2450054959B /* Resources */,
			);
			buildRules = (
			);
			dependencies = (
			);
			name = Tipper;
			productName = Tipper;
			productReference = 5AFA3FED1A6AE2450054959B /* Tipper.app */;
			productType = "com.apple.product-type.application";
		};
		5AFA40051A6AE2450054959B /* TipperTests */ = {
			isa = PBXNativeTarget;
			buildConfigurationList = 5AFA40131A6AE2450054959B /* Build configuration list for PBXNativeTarget "TipperTests" */;
			buildPhases = (
				5AFA40021A6AE2450054959B /* Sources */,
				5AFA40031A6AE2450054959B /* Frameworks */,
				5AFA40041A6AE2450054959B /* Resources */,
			);
			buildRules = (
			);
			dependencies = (
				5AFA40081A6AE2450054959B /* PBXTargetDependency */,
			);
			name = TipperTests;
			productName = TipperTests;
			productReference = 5AFA40061A6AE2450054959B /* TipperTests.xctest */;
			productType = "com.apple.product-type.bundle.unit-test";
		};
/* End PBXNativeTarget section */

/* Begin PBXProject section */
		5AFA3FE51A6AE2450054959B /* Project object */ = {
			isa = PBXProject;
			attributes = {
				LastUpgradeCheck = 0610;
				ORGANIZATIONNAME = "Wesley Haines";
				TargetAttributes = {
					5AFA3FEC1A6AE2450054959B = {
						CreatedOnToolsVersion = 6.1.1;
					};
					5AFA40051A6AE2450054959B = {
						CreatedOnToolsVersion = 6.1.1;
						TestTargetID = 5AFA3FEC1A6AE2450054959B;
					};
				};
			};
			buildConfigurationList = 5AFA3FE81A6AE2450054959B /* Build configuration list for PBXProject "Tipper" */;
			compatibilityVersion = "Xcode 3.2";
			developmentRegion = English;
			hasScannedForEncodings = 0;
			knownRegions = (
				en,
				Base,
			);
			mainGroup = 5AFA3FE41A6AE2450054959B;
			productRefGroup = 5AFA3FEE1A6AE2450054959B /* Products */;
			projectDirPath = "";
			projectRoot = "";
			targets = (
				5AFA3FEC1A6AE2450054959B /* Tipper */,
				5AFA40051A6AE2450054959B /* TipperTests */,
			);
		};
/* End PBXProject section */

/* Begin PBXResourcesBuildPhase section */
		5AFA3FEB1A6AE2450054959B /* Resources */ = {
			isa = PBXResourcesBuildPhase;
			buildActionMask = 2147483647;
			files = (
				5AFA3FFC1A6AE2450054959B /* Main.storyboard in Resources */,
				5AFF45631AD60ED90023F56F /* Shape.png in Resources */,
				5AFF456E1AD6245E0023F56F /* tipper_spotlight.png in Resources */,
				5AFA40011A6AE2450054959B /* LaunchScreen.xib in Resources */,
				5AFF456F1AD6245E0023F56F /* tipper_appIcon.png in Resources */,
				5AFA3FFE1A6AE2450054959B /* Images.xcassets in Resources */,
				5AFF45651AD61CB20023F56F /* Shape.png in Resources */,
			);
			runOnlyForDeploymentPostprocessing = 0;
		};
		5AFA40041A6AE2450054959B /* Resources */ = {
			isa = PBXResourcesBuildPhase;
			buildActionMask = 2147483647;
			files = (
			);
			runOnlyForDeploymentPostprocessing = 0;
		};
/* End PBXResourcesBuildPhase section */

/* Begin PBXSourcesBuildPhase section */
		5AFA3FE91A6AE2450054959B /* Sources */ = {
			isa = PBXSourcesBuildPhase;
			buildActionMask = 2147483647;
			files = (
				5AFA401D1A6AF17D0054959B /* TipperViewController.m in Sources */,
				5AFA3FF61A6AE2450054959B /* AppDelegate.m in Sources */,
				5AFA3FF31A6AE2450054959B /* main.m in Sources */,
			);
			runOnlyForDeploymentPostprocessing = 0;
		};
		5AFA40021A6AE2450054959B /* Sources */ = {
			isa = PBXSourcesBuildPhase;
			buildActionMask = 2147483647;
			files = (
				5AFA400D1A6AE2450054959B /* TipperTests.m in Sources */,
			);
			runOnlyForDeploymentPostprocessing = 0;
		};
/* End PBXSourcesBuildPhase section */

/* Begin PBXTargetDependency section */
		5AFA40081A6AE2450054959B /* PBXTargetDependency */ = {
			isa = PBXTargetDependency;
			target = 5AFA3FEC1A6AE2450054959B /* Tipper */;
			targetProxy = 5AFA40071A6AE2450054959B /* PBXContainerItemProxy */;
		};
/* End PBXTargetDependency section */

/* Begin PBXVariantGroup section */
		5AFA3FFA1A6AE2450054959B /* Main.storyboard */ = {
			isa = PBXVariantGroup;
			children = (
				5AFA3FFB1A6AE2450054959B /* Base */,
			);
			name = Main.storyboard;
			sourceTree = "<group>";
		};
		5AFA3FFF1A6AE2450054959B /* LaunchScreen.xib */ = {
			isa = PBXVariantGroup;
			children = (
				5AFA40001A6AE2450054959B /* Base */,
			);
			name = LaunchScreen.xib;
			sourceTree = "<group>";
		};
/* End PBXVariantGroup section */

/* Begin XCBuildConfiguration section */
		5AFA400E1A6AE2450054959B /* Debug */ = {
			isa = XCBuildConfiguration;
			buildSettings = {
				ALWAYS_SEARCH_USER_PATHS = NO;
				CLANG_CXX_LANGUAGE_STANDARD = "gnu++0x";
				CLANG_CXX_LIBRARY = "libc++";
				CLANG_ENABLE_MODULES = YES;
				CLANG_ENABLE_OBJC_ARC = YES;
				CLANG_WARN_BOOL_CONVERSION = YES;
				CLANG_WARN_CONSTANT_CONVERSION = YES;
				CLANG_WARN_DIRECT_OBJC_ISA_USAGE = YES_ERROR;
				CLANG_WARN_EMPTY_BODY = YES;
				CLANG_WARN_ENUM_CONVERSION = YES;
				CLANG_WARN_INT_CONVERSION = YES;
				CLANG_WARN_OBJC_ROOT_CLASS = YES_ERROR;
				CLANG_WARN_UNREACHABLE_CODE = YES;
				CLANG_WARN__DUPLICATE_METHOD_MATCH = YES;
				"CODE_SIGN_IDENTITY[sdk=iphoneos*]" = "iPhone Developer";
				COPY_PHASE_STRIP = NO;
				ENABLE_STRICT_OBJC_MSGSEND = YES;
				GCC_C_LANGUAGE_STANDARD = gnu99;
				GCC_DYNAMIC_NO_PIC = NO;
				GCC_OPTIMIZATION_LEVEL = 0;
				GCC_PREPROCESSOR_DEFINITIONS = (
					"DEBUG=1",
					"$(inherited)",
				);
				GCC_SYMBOLS_PRIVATE_EXTERN = NO;
				GCC_WARN_64_TO_32_BIT_CONVERSION = YES;
				GCC_WARN_ABOUT_RETURN_TYPE = YES_ERROR;
				GCC_WARN_UNDECLARED_SELECTOR = YES;
				GCC_WARN_UNINITIALIZED_AUTOS = YES_AGGRESSIVE;
				GCC_WARN_UNUSED_FUNCTION = YES;
				GCC_WARN_UNUSED_VARIABLE = YES;
				IPHONEOS_DEPLOYMENT_TARGET = 8.1;
				MTL_ENABLE_DEBUG_INFO = YES;
				ONLY_ACTIVE_ARCH = YES;
				SDKROOT = iphoneos;
			};
			name = Debug;
		};
		5AFA400F1A6AE2450054959B /* Release */ = {
			isa = XCBuildConfiguration;
			buildSettings = {
				ALWAYS_SEARCH_USER_PATHS = NO;
				CLANG_CXX_LANGUAGE_STANDARD = "gnu++0x";
				CLANG_CXX_LIBRARY = "libc++";
				CLANG_ENABLE_MODULES = YES;
				CLANG_ENABLE_OBJC_ARC = YES;
				CLANG_WARN_BOOL_CONVERSION = YES;
				CLANG_WARN_CONSTANT_CONVERSION = YES;
				CLANG_WARN_DIRECT_OBJC_ISA_USAGE = YES_ERROR;
				CLANG_WARN_EMPTY_BODY = YES;
				CLANG_WARN_ENUM_CONVERSION = YES;
				CLANG_WARN_INT_CONVERSION = YES;
				CLANG_WARN_OBJC_ROOT_CLASS = YES_ERROR;
				CLANG_WARN_UNREACHABLE_CODE = YES;
				CLANG_WARN__DUPLICATE_METHOD_MATCH = YES;
				"CODE_SIGN_IDENTITY[sdk=iphoneos*]" = "iPhone Developer";
				COPY_PHASE_STRIP = YES;
				ENABLE_NS_ASSERTIONS = NO;
				ENABLE_STRICT_OBJC_MSGSEND = YES;
				GCC_C_LANGUAGE_STANDARD = gnu99;
				GCC_WARN_64_TO_32_BIT_CONVERSION = YES;
				GCC_WARN_ABOUT_RETURN_TYPE = YES_ERROR;
				GCC_WARN_UNDECLARED_SELECTOR = YES;
				GCC_WARN_UNINITIALIZED_AUTOS = YES_AGGRESSIVE;
				GCC_WARN_UNUSED_FUNCTION = YES;
				GCC_WARN_UNUSED_VARIABLE = YES;
				IPHONEOS_DEPLOYMENT_TARGET = 8.1;
				MTL_ENABLE_DEBUG_INFO = NO;
				SDKROOT = iphoneos;
				VALIDATE_PRODUCT = YES;
			};
			name = Release;
		};
		5AFA40111A6AE2450054959B /* Debug */ = {
			isa = XCBuildConfiguration;
			buildSettings = {
				ASSETCATALOG_COMPILER_APPICON_NAME = AppIcon;
				ASSETCATALOG_COMPILER_LAUNCHIMAGE_NAME = LaunchImage;
				CODE_SIGN_IDENTITY = "iPhone Developer";
				INFOPLIST_FILE = Tipper/Info.plist;
				LD_RUNPATH_SEARCH_PATHS = "$(inherited) @executable_path/Frameworks";
				PRODUCT_NAME = "$(TARGET_NAME)";
				TARGETED_DEVICE_FAMILY = 1;
			};
			name = Debug;
		};
		5AFA40121A6AE2450054959B /* Release */ = {
			isa = XCBuildConfiguration;
			buildSettings = {
				ASSETCATALOG_COMPILER_APPICON_NAME = AppIcon;
				ASSETCATALOG_COMPILER_LAUNCHIMAGE_NAME = LaunchImage;
				CODE_SIGN_IDENTITY = "iPhone Developer";
				INFOPLIST_FILE = Tipper/Info.plist;
				LD_RUNPATH_SEARCH_PATHS = "$(inherited) @executable_path/Frameworks";
				PRODUCT_NAME = "$(TARGET_NAME)";
				TARGETED_DEVICE_FAMILY = 1;
			};
			name = Release;
		};
		5AFA40141A6AE2450054959B /* Debug */ = {
			isa = XCBuildConfiguration;
			buildSettings = {
				BUNDLE_LOADER = "$(TEST_HOST)";
				FRAMEWORK_SEARCH_PATHS = (
					"$(SDKROOT)/Developer/Library/Frameworks",
					"$(inherited)",
				);
				GCC_PREPROCESSOR_DEFINITIONS = (
					"DEBUG=1",
					"$(inherited)",
				);
				INFOPLIST_FILE = TipperTests/Info.plist;
				LD_RUNPATH_SEARCH_PATHS = "$(inherited) @executable_path/Frameworks @loader_path/Frameworks";
				PRODUCT_NAME = "$(TARGET_NAME)";
				TEST_HOST = "$(BUILT_PRODUCTS_DIR)/Tipper.app/Tipper";
			};
			name = Debug;
		};
		5AFA40151A6AE2450054959B /* Release */ = {
			isa = XCBuildConfiguration;
			buildSettings = {
				BUNDLE_LOADER = "$(TEST_HOST)";
				FRAMEWORK_SEARCH_PATHS = (
					"$(SDKROOT)/Developer/Library/Frameworks",
					"$(inherited)",
				);
				INFOPLIST_FILE = TipperTests/Info.plist;
				LD_RUNPATH_SEARCH_PATHS = "$(inherited) @executable_path/Frameworks @loader_path/Frameworks";
				PRODUCT_NAME = "$(TARGET_NAME)";
				TEST_HOST = "$(BUILT_PRODUCTS_DIR)/Tipper.app/Tipper";
			};
			name = Release;
		};
/* End XCBuildConfiguration section */

/* Begin XCConfigurationList section */
		5AFA3FE81A6AE2450054959B /* Build configuration list for PBXProject "Tipper" */ = {
			isa = XCConfigurationList;
			buildConfigurations = (
				5AFA400E1A6AE2450054959B /* Debug */,
				5AFA400F1A6AE2450054959B /* Release */,
			);
			defaultConfigurationIsVisible = 0;
			defaultConfigurationName = Release;
		};
		5AFA40101A6AE2450054959B /* Build configuration list for PBXNativeTarget "Tipper" */ = {
			isa = XCConfigurationList;
			buildConfigurations = (
				5AFA40111A6AE2450054959B /* Debug */,
				5AFA40121A6AE2450054959B /* Release */,
			);
			defaultConfigurationIsVisible = 0;
			defaultConfigurationName = Release;
		};
		5AFA40131A6AE2450054959B /* Build configuration list for PBXNativeTarget "TipperTests" */ = {
			isa = XCConfigurationList;
			buildConfigurations = (
				5AFA40141A6AE2450054959B /* Debug */,
				5AFA40151A6AE2450054959B /* Release */,
			);
			defaultConfigurationIsVisible = 0;
			defaultConfigurationName = Release;
		};
/* End XCConfigurationList section */
	};
	rootObject = 5AFA3FE51A6AE2450054959B /* Project object */;
}
